{
  "version": 4,
  "terraform_version": "1.12.2",
  "serial": 121,
  "lineage": "7355a247-3111-8836-8ae1-e2bee6547b9b",
  "outputs": {
    "bastion_public_ip": {
      "value": "3.253.146.71",
      "type": "string"
    },
    "k3s_access_command": {
      "value": "ssh -i terraform-key.pem ubuntu@10.0.3.77",
      "type": "string"
    },
    "k3s_master_ip": {
      "value": "10.0.3.77",
      "type": "string"
    },
    "k3s_master_private_ip": {
      "value": "10.0.3.77",
      "type": "string"
    },
    "k3s_worker_ip": {
      "value": "10.0.4.131",
      "type": "string"
    },
    "nat_gateway_ip": {
      "value": "63.32.253.197",
      "type": "string"
    },
    "ssh_command_bastion": {
      "value": "ssh -i terraform-key.pem ubuntu@3.253.146.71",
      "type": "string"
    },
    "ssh_private_key": {
      "value": "-----BEGIN RSA PRIVATE KEY-----\nMIIEogIBAAKCAQEAs5XW0G/1ZBKUQNPxIoYvQIfP1K9HG0SpnedCOXX7NgWP4eB9\nwsVoZqNaRw97LQ8/pUpVyPP3n7lPfTTDXHmPhg9xOVEPqcFKElCtg5P85RphUnLj\nRmvCzqCY+MclQzSQdtl+7p5PVAKHIjW42s5ivji5aDI59rqEWygHcNmKq9+sqtVK\nFj9KWuS/A6T7O/sqQ2AB3b8Y+n6ObJuMDbw4j6OJUbRa/HJqt3b+JlpCC6pr5k8o\nHeGNNiqcsVYhtTfDsAeqX1wN9RwdKo/T64IvyYKmizSX4AAjn7bmPUS/++HE8v6Y\nt1QLqYLus/+YXHYLepskqIsy7mQqmHTyKgwL6QIDAQABAoIBACHumvMxZF1vQUHq\nifJrBjycLMHUCIx3cdEbJCE1UK0JagFU6I5HvI1AKkuo+i4uZmk13XWl21D7s7BF\nqvArK9o5yrv4vAvoMLW7Nr3Y1Xz4ehEZEiZ5MArYv26qOjkzkmRSfjBaC0UlYSEu\no2n8ex3UG/w7GUasQVvz+UvyXshQnrYs71Bz5PLT5xT95Ja6sTQvDGbVJ+E4/LU3\noHL5IjTFNLao4kqgYep05ZqQdiSkZt8OwjKy6utf/tmmZ42KXcCpKtc8qiTeql09\nGkn78rcjjnVaLFMC0XRVlAvdF/ezTZe7757ez/mi4MUoSk4ZGdj05XSczE25aEV4\nzN1SbbECgYEAxAncqv7JvoJ844aGXG+QOxtAVDNEq6L1Y/AMz2Gzwpw27M1sXlHn\nlmRq5P8vEAYoqC6aFGclxPBqwloH1DxZ98XIi+pZNKSBpSjkrWwQnyX3wfKtCKje\n2Qpubt/mCMz1EQIXQqk8sHx3E2bWa98yGIY+zNM7NkONRNanvgyPlWUCgYEA6oOp\n2GP8+Fh7KxV73dG0Tkx7tGhvfyzjnS3OJkfRCAgmuZYheSbGsEs3Q2ZtpWXwAXW5\no/wXOqck4TD40ED80kgq/kfe0+h0R6yBNq7ySNE5shzuJeaVR98rZDZAuMeH5JB4\ntHRKxjwZg3AzgEAVicQ888NSPfwc6zJYviZOxjUCgYBFqFdvrx8SgZ1M34UonT+7\nsOA3ywvQjRPy0d5LZiUQtp9Rn2CtVx8aMk5FVmNrpzSVJhH7w/cItoDI1GLJyDQT\ntYSgKsJN0VJ71D8FXEu/sScLFGbll9OvfWRmI0rCv8kopPyM5EO7Vk6dZ0IzjFhp\nnHH+J+R3UKOG3Vs3TZFLfQKBgAo4QqaTdOq9sGBoR0WbZegjnSB3jKRWKHUpEdrJ\nNmrLMCTWTg8hiXcVUAs3439ZuePWZYin67s6nXjS0YUB0AK58mWybBt//dFByz++\n0AAsXf9NE3PDYK4JI7LySk/DIkDrqtbyWm/ZHqODuDrWkBm4248j6+mXmwsE3qkq\nsjQhAoGARUuXW+a8fS6tx6oU6h/qN63gxRYyH3xuJttbB7+vjfAfYJlGPwSo+h2y\n8SGeCswzmtBDoP/5qCJRszRrixxdyGl2zyiIGOxcTg+KqiR6O/eBxXaQTNwejK+w\nib3u6WVBv4TEJzmpAgIj24UVMMKCItojxDwBA/AB9pcemy2FyjU=\n-----END RSA PRIVATE KEY-----\n",
      "type": "string",
      "sensitive": true
    }
  },
  "resources": [
    {
      "mode": "managed",
      "type": "aws_eip",
      "name": "nat",
      "provider": "provider[\"registry.terraform.io/hashicorp/aws\"]",
      "instances": [
        {
          "schema_version": 0,
          "attributes": {
            "address": null,
            "allocation_id": "eipalloc-06636d52185f28f03",
            "arn": "arn:aws:ec2:eu-west-1:753350392043:elastic-ip/eipalloc-06636d52185f28f03",
            "associate_with_private_ip": null,
            "association_id": "eipassoc-066f89d7012ae3d86",
            "carrier_ip": "",
            "customer_owned_ip": "",
            "customer_owned_ipv4_pool": "",
            "domain": "vpc",
            "id": "eipalloc-06636d52185f28f03",
            "instance": "",
            "ipam_pool_id": null,
            "network_border_group": "eu-west-1",
            "network_interface": "eni-0d3521f08060ef99f",
            "private_dns": "ip-10-0-1-83.eu-west-1.compute.internal",
            "private_ip": "10.0.1.83",
            "ptr_record": "",
            "public_dns": "ec2-63-32-253-197.eu-west-1.compute.amazonaws.com",
            "public_ip": "63.32.253.197",
            "public_ipv4_pool": "amazon",
            "region": "eu-west-1",
            "tags": {
              "Name": "nat-gateway-eip"
            },
            "tags_all": {
              "Name": "nat-gateway-eip"
            },
            "timeouts": null
          },
          "sensitive_attributes": [],
          "identity_schema_version": 0,
          "private": "eyJlMmJmYjczMC1lY2FhLTExZTYtOGY4OC0zNDM2M2JjN2M0YzAiOnsiZGVsZXRlIjoxODAwMDAwMDAwMDAsInJlYWQiOjkwMDAwMDAwMDAwMCwidXBkYXRlIjozMDAwMDAwMDAwMDB9fQ=="
        }
      ]
    },
    {
      "mode": "managed",
      "type": "aws_iam_openid_connect_provider",
      "name": "github_actions",
      "provider": "provider[\"registry.terraform.io/hashicorp/aws\"]",
      "instances": [
        {
          "schema_version": 0,
          "attributes": {
            "arn": "arn:aws:iam::753350392043:oidc-provider/token.actions.githubusercontent.com",
            "client_id_list": [
              "sts.amazonaws.com"
            ],
            "id": "arn:aws:iam::753350392043:oidc-provider/token.actions.githubusercontent.com",
            "tags": {},
            "tags_all": {},
            "thumbprint_list": [
              "6938fd4d98bab03faadb97b34396831e3780aea1",
              "1c58a3a8518e8759bf075b76b750d4f2df264fcd"
            ],
            "url": "token.actions.githubusercontent.com"
          },
          "sensitive_attributes": [],
          "identity_schema_version": 0,
          "private": "bnVsbA=="
        }
      ]
    },
    {
      "mode": "managed",
      "type": "aws_iam_role",
      "name": "terraform_role",
      "provider": "provider[\"registry.terraform.io/hashicorp/aws\"]",
      "instances": [
        {
          "schema_version": 0,
          "attributes": {
            "arn": "arn:aws:iam::753350392043:role/TerraformRole",
            "assume_role_policy": "{\"Statement\":[{\"Action\":\"sts:AssumeRoleWithWebIdentity\",\"Condition\":{\"StringEquals\":{\"token.actions.githubusercontent.com:aud\":\"sts.amazonaws.com\"},\"StringLike\":{\"token.actions.githubusercontent.com:sub\":\"repo:evgmsk/rsschool-devops-course-tasks:*\"}},\"Effect\":\"Allow\",\"Principal\":{\"Federated\":\"arn:aws:iam::753350392043:oidc-provider/token.actions.githubusercontent.com\"}}],\"Version\":\"2012-10-17\"}",
            "create_date": "2025-06-28T16:38:25Z",
            "description": "",
            "force_detach_policies": false,
            "id": "TerraformRole",
            "inline_policy": [],
            "managed_policy_arns": [
              "arn:aws:iam::aws:policy/PowerUserAccess"
            ],
            "max_session_duration": 3600,
            "name": "TerraformRole",
            "name_prefix": "",
            "path": "/",
            "permissions_boundary": "",
            "tags": {},
            "tags_all": {},
            "unique_id": "AROA26ZZOXDV245ENVVFD"
          },
          "sensitive_attributes": [],
          "identity_schema_version": 0,
          "identity": {
            "account_id": "753350392043",
            "name": "TerraformRole"
          },
          "private": "bnVsbA=="
        }
      ]
    },
    {
      "mode": "managed",
      "type": "aws_iam_role_policy",
      "name": "terraform_role_iam_read",
      "provider": "provider[\"registry.terraform.io/hashicorp/aws\"]",
      "instances": [
        {
          "schema_version": 0,
          "attributes": {
            "id": "TerraformRole:IAMReadAccess",
            "name": "IAMReadAccess",
            "name_prefix": "",
            "policy": "{\"Version\":\"2012-10-17\",\"Statement\":[{\"Action\":[\"iam:Get*\",\"iam:List*\"],\"Effect\":\"Allow\",\"Resource\":\"*\"}]}",
            "role": "TerraformRole"
          },
          "sensitive_attributes": [],
          "identity_schema_version": 0,
          "private": "bnVsbA==",
          "dependencies": [
            "aws_iam_role.terraform_role"
          ]
        }
      ]
    },
    {
      "mode": "managed",
      "type": "aws_iam_role_policy_attachment",
      "name": "terraform_role_policy",
      "provider": "provider[\"registry.terraform.io/hashicorp/aws\"]",
      "instances": [
        {
          "schema_version": 0,
          "attributes": {
            "id": "TerraformRole-20250628163827513500000001",
            "policy_arn": "arn:aws:iam::aws:policy/PowerUserAccess",
            "role": "TerraformRole"
          },
          "sensitive_attributes": [],
          "identity_schema_version": 0,
          "private": "bnVsbA==",
          "dependencies": [
            "aws_iam_role.terraform_role"
          ]
        }
      ]
    },
    {
      "mode": "managed",
      "type": "aws_instance",
      "name": "bastion",
      "provider": "provider[\"registry.terraform.io/hashicorp/aws\"]",
      "instances": [
        {
          "schema_version": 2,
          "attributes": {
            "ami": "ami-0c38b837cd80f13bb",
            "arn": "arn:aws:ec2:eu-west-1:753350392043:instance/i-0ecc0784de8986ebe",
            "associate_public_ip_address": true,
            "availability_zone": "eu-west-1a",
            "capacity_reservation_specification": [
              {
                "capacity_reservation_preference": "open",
                "capacity_reservation_target": []
              }
            ],
            "cpu_options": [
              {
                "amd_sev_snp": "",
                "core_count": 1,
                "threads_per_core": 1
              }
            ],
            "credit_specification": [
              {
                "cpu_credits": "standard"
              }
            ],
            "disable_api_stop": false,
            "disable_api_termination": false,
            "ebs_block_device": [],
            "ebs_optimized": false,
            "enable_primary_ipv6": null,
            "enclave_options": [
              {
                "enabled": false
              }
            ],
            "ephemeral_block_device": [],
            "get_password_data": false,
            "hibernation": false,
            "host_id": "",
            "host_resource_group_arn": null,
            "iam_instance_profile": "",
            "id": "i-0ecc0784de8986ebe",
            "instance_initiated_shutdown_behavior": "stop",
            "instance_lifecycle": "",
            "instance_market_options": [],
            "instance_state": "running",
            "instance_type": "t2.nano",
            "ipv6_address_count": 0,
            "ipv6_addresses": [],
            "key_name": "terraform-key",
            "launch_template": [],
            "maintenance_options": [
              {
                "auto_recovery": "default"
              }
            ],
            "metadata_options": [
              {
                "http_endpoint": "enabled",
                "http_protocol_ipv6": "disabled",
                "http_put_response_hop_limit": 2,
                "http_tokens": "required",
                "instance_metadata_tags": "disabled"
              }
            ],
            "monitoring": false,
            "network_interface": [],
            "outpost_arn": "",
            "password_data": "",
            "placement_group": "",
            "placement_partition_number": 0,
            "primary_network_interface_id": "eni-036fdf147f0ff13a9",
            "private_dns": "ip-10-0-1-21.eu-west-1.compute.internal",
            "private_dns_name_options": [
              {
                "enable_resource_name_dns_a_record": false,
                "enable_resource_name_dns_aaaa_record": false,
                "hostname_type": "ip-name"
              }
            ],
            "private_ip": "10.0.1.21",
            "public_dns": "ec2-3-253-146-71.eu-west-1.compute.amazonaws.com",
            "public_ip": "3.253.146.71",
            "region": "eu-west-1",
            "root_block_device": [
              {
                "delete_on_termination": true,
                "device_name": "/dev/sda1",
                "encrypted": false,
                "iops": 3000,
                "kms_key_id": "",
                "tags": {},
                "tags_all": {},
                "throughput": 125,
                "volume_id": "vol-0091b60adaf656008",
                "volume_size": 8,
                "volume_type": "gp3"
              }
            ],
            "secondary_private_ips": [],
            "security_groups": [],
            "source_dest_check": true,
            "spot_instance_request_id": "",
            "subnet_id": "subnet-0f348cba18fd697ab",
            "tags": {
              "Name": "bastion-host"
            },
            "tags_all": {
              "Name": "bastion-host"
            },
            "tenancy": "default",
            "timeouts": null,
            "user_data": null,
            "user_data_base64": null,
            "user_data_replace_on_change": false,
            "volume_tags": null,
            "vpc_security_group_ids": [
              "sg-08be439e53f76f47d"
            ]
          },
          "sensitive_attributes": [],
          "identity_schema_version": 0,
          "private": "eyJlMmJmYjczMC1lY2FhLTExZTYtOGY4OC0zNDM2M2JjN2M0YzAiOnsiY3JlYXRlIjo2MDAwMDAwMDAwMDAsImRlbGV0ZSI6MTIwMDAwMDAwMDAwMCwicmVhZCI6OTAwMDAwMDAwMDAwLCJ1cGRhdGUiOjYwMDAwMDAwMDAwMH0sInNjaGVtYV92ZXJzaW9uIjoiMiJ9",
          "dependencies": [
            "aws_key_pair.main",
            "aws_security_group.bastion_sg",
            "aws_subnet.public_1",
            "aws_vpc.main",
            "tls_private_key.ssh_key"
          ]
        }
      ]
    },
    {
      "mode": "managed",
      "type": "aws_instance",
      "name": "k3s_master",
      "provider": "provider[\"registry.terraform.io/hashicorp/aws\"]",
      "instances": [
        {
          "schema_version": 2,
          "attributes": {
            "ami": "ami-0c38b837cd80f13bb",
            "arn": "arn:aws:ec2:eu-west-1:753350392043:instance/i-078178a8da0ad2763",
            "associate_public_ip_address": false,
            "availability_zone": "eu-west-1a",
            "capacity_reservation_specification": [
              {
                "capacity_reservation_preference": "open",
                "capacity_reservation_target": []
              }
            ],
            "cpu_options": [
              {
                "amd_sev_snp": "",
                "core_count": 1,
                "threads_per_core": 1
              }
            ],
            "credit_specification": [
              {
                "cpu_credits": "standard"
              }
            ],
            "disable_api_stop": false,
            "disable_api_termination": false,
            "ebs_block_device": [],
            "ebs_optimized": false,
            "enable_primary_ipv6": null,
            "enclave_options": [
              {
                "enabled": false
              }
            ],
            "ephemeral_block_device": [],
            "get_password_data": false,
            "hibernation": false,
            "host_id": "",
            "host_resource_group_arn": null,
            "iam_instance_profile": "",
            "id": "i-078178a8da0ad2763",
            "instance_initiated_shutdown_behavior": "stop",
            "instance_lifecycle": "",
            "instance_market_options": [],
            "instance_state": "running",
            "instance_type": "t2.small",
            "ipv6_address_count": 0,
            "ipv6_addresses": [],
            "key_name": "terraform-key",
            "launch_template": [],
            "maintenance_options": [
              {
                "auto_recovery": "default"
              }
            ],
            "metadata_options": [
              {
                "http_endpoint": "enabled",
                "http_protocol_ipv6": "disabled",
                "http_put_response_hop_limit": 2,
                "http_tokens": "required",
                "instance_metadata_tags": "disabled"
              }
            ],
            "monitoring": false,
            "network_interface": [],
            "outpost_arn": "",
            "password_data": "",
            "placement_group": "",
            "placement_partition_number": 0,
            "primary_network_interface_id": "eni-0f7a031d4f0a5f902",
            "private_dns": "ip-10-0-3-77.eu-west-1.compute.internal",
            "private_dns_name_options": [
              {
                "enable_resource_name_dns_a_record": false,
                "enable_resource_name_dns_aaaa_record": false,
                "hostname_type": "ip-name"
              }
            ],
            "private_ip": "10.0.3.77",
            "public_dns": "",
            "public_ip": "",
            "region": "eu-west-1",
            "root_block_device": [
              {
                "delete_on_termination": true,
                "device_name": "/dev/sda1",
                "encrypted": false,
                "iops": 3000,
                "kms_key_id": "",
                "tags": {},
                "tags_all": {},
                "throughput": 125,
                "volume_id": "vol-0fe0cc2e0e4c3571c",
                "volume_size": 8,
                "volume_type": "gp3"
              }
            ],
            "secondary_private_ips": [],
            "security_groups": [],
            "source_dest_check": true,
            "spot_instance_request_id": "",
            "subnet_id": "subnet-014fdffdaf663b5a9",
            "tags": {
              "Name": "k3s-master"
            },
            "tags_all": {
              "Name": "k3s-master"
            },
            "tenancy": "default",
            "timeouts": null,
            "user_data": "#!/bin/bash\r\napt-get update\r\ncurl -sfL https://get.k3s.io | sh -\r\n",
            "user_data_base64": null,
            "user_data_replace_on_change": false,
            "volume_tags": null,
            "vpc_security_group_ids": [
              "sg-04d60052179fd24b6"
            ]
          },
          "sensitive_attributes": [],
          "identity_schema_version": 0,
          "private": "eyJlMmJmYjczMC1lY2FhLTExZTYtOGY4OC0zNDM2M2JjN2M0YzAiOnsiY3JlYXRlIjo2MDAwMDAwMDAwMDAsImRlbGV0ZSI6MTIwMDAwMDAwMDAwMCwicmVhZCI6OTAwMDAwMDAwMDAwLCJ1cGRhdGUiOjYwMDAwMDAwMDAwMH0sInNjaGVtYV92ZXJzaW9uIjoiMiJ9",
          "dependencies": [
            "aws_key_pair.main",
            "aws_security_group.bastion_sg",
            "aws_security_group.private_sg",
            "aws_subnet.private_1",
            "aws_vpc.main",
            "tls_private_key.ssh_key"
          ]
        }
      ]
    },
    {
      "mode": "managed",
      "type": "aws_instance",
      "name": "k3s_worker",
      "provider": "provider[\"registry.terraform.io/hashicorp/aws\"]",
      "instances": [
        {
          "schema_version": 2,
          "attributes": {
            "ami": "ami-0c38b837cd80f13bb",
            "arn": "arn:aws:ec2:eu-west-1:753350392043:instance/i-051533456c4cdbaac",
            "associate_public_ip_address": false,
            "availability_zone": "eu-west-1b",
            "capacity_reservation_specification": [
              {
                "capacity_reservation_preference": "open",
                "capacity_reservation_target": []
              }
            ],
            "cpu_options": [
              {
                "amd_sev_snp": "",
                "core_count": 1,
                "threads_per_core": 1
              }
            ],
            "credit_specification": [
              {
                "cpu_credits": "standard"
              }
            ],
            "disable_api_stop": false,
            "disable_api_termination": false,
            "ebs_block_device": [],
            "ebs_optimized": false,
            "enable_primary_ipv6": null,
            "enclave_options": [
              {
                "enabled": false
              }
            ],
            "ephemeral_block_device": [],
            "get_password_data": false,
            "hibernation": false,
            "host_id": "",
            "host_resource_group_arn": null,
            "iam_instance_profile": "",
            "id": "i-051533456c4cdbaac",
            "instance_initiated_shutdown_behavior": "stop",
            "instance_lifecycle": "",
            "instance_market_options": [],
            "instance_state": "running",
            "instance_type": "t2.micro",
            "ipv6_address_count": 0,
            "ipv6_addresses": [],
            "key_name": "terraform-key",
            "launch_template": [],
            "maintenance_options": [
              {
                "auto_recovery": "default"
              }
            ],
            "metadata_options": [
              {
                "http_endpoint": "enabled",
                "http_protocol_ipv6": "disabled",
                "http_put_response_hop_limit": 2,
                "http_tokens": "required",
                "instance_metadata_tags": "disabled"
              }
            ],
            "monitoring": false,
            "network_interface": [],
            "outpost_arn": "",
            "password_data": "",
            "placement_group": "",
            "placement_partition_number": 0,
            "primary_network_interface_id": "eni-08d9255b557b630c9",
            "private_dns": "ip-10-0-4-131.eu-west-1.compute.internal",
            "private_dns_name_options": [
              {
                "enable_resource_name_dns_a_record": false,
                "enable_resource_name_dns_aaaa_record": false,
                "hostname_type": "ip-name"
              }
            ],
            "private_ip": "10.0.4.131",
            "public_dns": "",
            "public_ip": "",
            "region": "eu-west-1",
            "root_block_device": [
              {
                "delete_on_termination": true,
                "device_name": "/dev/sda1",
                "encrypted": false,
                "iops": 3000,
                "kms_key_id": "",
                "tags": {},
                "tags_all": {},
                "throughput": 125,
                "volume_id": "vol-02e112d4f5a52268e",
                "volume_size": 8,
                "volume_type": "gp3"
              }
            ],
            "secondary_private_ips": [],
            "security_groups": [],
            "source_dest_check": true,
            "spot_instance_request_id": "",
            "subnet_id": "subnet-0c1e15fcc82cb9177",
            "tags": {
              "Name": "k3s-worker",
              "Role": "worker"
            },
            "tags_all": {
              "Name": "k3s-worker",
              "Role": "worker"
            },
            "tenancy": "default",
            "timeouts": null,
            "user_data": "#!/bin/bash\napt-get update\n    \n# Wait for master to be ready\nsleep 60\n    \n# Get master IP and token (simplified - in production use proper service discovery)\nMASTER_IP=\"10.0.3.77\"\n    \n# Install k3s agent\ncurl -sfL https://get.k3s.io | K3S_URL=https://$MASTER_IP:6443 sh -\n",
            "user_data_base64": null,
            "user_data_replace_on_change": false,
            "volume_tags": null,
            "vpc_security_group_ids": [
              "sg-00f3ba1338e626a4e"
            ]
          },
          "sensitive_attributes": [],
          "identity_schema_version": 0,
          "private": "eyJlMmJmYjczMC1lY2FhLTExZTYtOGY4OC0zNDM2M2JjN2M0YzAiOnsiY3JlYXRlIjo2MDAwMDAwMDAwMDAsImRlbGV0ZSI6MTIwMDAwMDAwMDAwMCwicmVhZCI6OTAwMDAwMDAwMDAwLCJ1cGRhdGUiOjYwMDAwMDAwMDAwMH0sInNjaGVtYV92ZXJzaW9uIjoiMiJ9",
          "dependencies": [
            "aws_instance.k3s_master",
            "aws_key_pair.main",
            "aws_security_group.bastion_sg",
            "aws_security_group.k3s_sg",
            "aws_security_group.private_sg",
            "aws_subnet.private_1",
            "aws_subnet.private_2",
            "aws_vpc.main",
            "tls_private_key.ssh_key"
          ]
        }
      ]
    },
    {
      "mode": "managed",
      "type": "aws_internet_gateway",
      "name": "main",
      "provider": "provider[\"registry.terraform.io/hashicorp/aws\"]",
      "instances": [
        {
          "schema_version": 0,
          "attributes": {
            "arn": "arn:aws:ec2:eu-west-1:753350392043:internet-gateway/igw-00b67716289894fe6",
            "id": "igw-00b67716289894fe6",
            "owner_id": "753350392043",
            "region": "eu-west-1",
            "tags": {
              "Name": "main-igw"
            },
            "tags_all": {
              "Name": "main-igw"
            },
            "timeouts": null,
            "vpc_id": "vpc-0010e590a02d7b079"
          },
          "sensitive_attributes": [],
          "identity_schema_version": 0,
          "private": "eyJlMmJmYjczMC1lY2FhLTExZTYtOGY4OC0zNDM2M2JjN2M0YzAiOnsiY3JlYXRlIjoxMjAwMDAwMDAwMDAwLCJkZWxldGUiOjEyMDAwMDAwMDAwMDAsInVwZGF0ZSI6MTIwMDAwMDAwMDAwMH19",
          "dependencies": [
            "aws_vpc.main"
          ]
        }
      ]
    },
    {
      "mode": "managed",
      "type": "aws_key_pair",
      "name": "main",
      "provider": "provider[\"registry.terraform.io/hashicorp/aws\"]",
      "instances": [
        {
          "schema_version": 1,
          "attributes": {
            "arn": "arn:aws:ec2:eu-west-1:753350392043:key-pair/terraform-key",
            "fingerprint": "ce:b0:42:df:e9:ba:ee:cd:06:b8:d6:56:01:f2:b0:b5",
            "id": "terraform-key",
            "key_name": "terraform-key",
            "key_name_prefix": "",
            "key_pair_id": "key-0888e3f5761aa0185",
            "key_type": "rsa",
            "public_key": "ssh-rsa AAAAB3NzaC1yc2EAAAADAQABAAABAQCzldbQb/VkEpRA0/Eihi9Ah8/Ur0cbRKmd50I5dfs2BY/h4H3CxWhmo1pHD3stDz+lSlXI8/efuU99NMNceY+GD3E5UQ+pwUoSUK2Dk/zlGmFScuNGa8LOoJj4xyVDNJB22X7unk9UAociNbjazmK+OLloMjn2uoRbKAdw2Yqr36yq1UoWP0pa5L8DpPs7+ypDYAHdvxj6fo5sm4wNvDiPo4lRtFr8cmq3dv4mWkILqmvmTygd4Y02KpyxViG1N8OwB6pfXA31HB0qj9Prgi/JgqaLNJfgACOftuY9RL/74cTy/pi3VAupgu6z/5hcdgt6mySoizLuZCqYdPIqDAvp",
            "region": "eu-west-1",
            "tags": {
              "Name": "terraform-key-pair"
            },
            "tags_all": {
              "Name": "terraform-key-pair"
            }
          },
          "sensitive_attributes": [],
          "identity_schema_version": 0,
          "private": "eyJzY2hlbWFfdmVyc2lvbiI6IjEifQ==",
          "dependencies": [
            "tls_private_key.ssh_key"
          ]
        }
      ]
    },
    {
      "mode": "managed",
      "type": "aws_nat_gateway",
      "name": "main",
      "provider": "provider[\"registry.terraform.io/hashicorp/aws\"]",
      "instances": [
        {
          "schema_version": 0,
          "attributes": {
            "allocation_id": "eipalloc-06636d52185f28f03",
            "association_id": "eipassoc-066f89d7012ae3d86",
            "connectivity_type": "public",
            "id": "nat-01cab5335dab6675c",
            "network_interface_id": "eni-0d3521f08060ef99f",
            "private_ip": "10.0.1.83",
            "public_ip": "63.32.253.197",
            "region": "eu-west-1",
            "secondary_allocation_ids": [],
            "secondary_private_ip_address_count": 0,
            "secondary_private_ip_addresses": [],
            "subnet_id": "subnet-0f348cba18fd697ab",
            "tags": {
              "Name": "main-nat-gateway"
            },
            "tags_all": {
              "Name": "main-nat-gateway"
            },
            "timeouts": null
          },
          "sensitive_attributes": [],
          "identity_schema_version": 0,
          "private": "eyJlMmJmYjczMC1lY2FhLTExZTYtOGY4OC0zNDM2M2JjN2M0YzAiOnsiY3JlYXRlIjo2MDAwMDAwMDAwMDAsImRlbGV0ZSI6MTgwMDAwMDAwMDAwMCwidXBkYXRlIjo2MDAwMDAwMDAwMDB9fQ==",
          "dependencies": [
            "aws_eip.nat",
            "aws_internet_gateway.main",
            "aws_subnet.public_1",
            "aws_vpc.main"
          ]
        }
      ]
    },
    {
      "mode": "managed",
      "type": "aws_route",
      "name": "private_nat",
      "provider": "provider[\"registry.terraform.io/hashicorp/aws\"]",
      "instances": [
        {
          "schema_version": 0,
          "attributes": {
            "carrier_gateway_id": "",
            "core_network_arn": "",
            "destination_cidr_block": "0.0.0.0/0",
            "destination_ipv6_cidr_block": "",
            "destination_prefix_list_id": "",
            "egress_only_gateway_id": "",
            "gateway_id": "",
            "id": "r-rtb-0bc95c2431e89fd881080289494",
            "instance_id": "",
            "instance_owner_id": "",
            "local_gateway_id": "",
            "nat_gateway_id": "nat-01cab5335dab6675c",
            "network_interface_id": "",
            "origin": "CreateRoute",
            "region": "eu-west-1",
            "route_table_id": "rtb-0bc95c2431e89fd88",
            "state": "active",
            "timeouts": null,
            "transit_gateway_id": "",
            "vpc_endpoint_id": "",
            "vpc_peering_connection_id": ""
          },
          "sensitive_attributes": [],
          "identity_schema_version": 0,
          "private": "eyJlMmJmYjczMC1lY2FhLTExZTYtOGY4OC0zNDM2M2JjN2M0YzAiOnsiY3JlYXRlIjozMDAwMDAwMDAwMDAsImRlbGV0ZSI6MzAwMDAwMDAwMDAwLCJ1cGRhdGUiOjEyMDAwMDAwMDAwMH19",
          "dependencies": [
            "aws_eip.nat",
            "aws_internet_gateway.main",
            "aws_nat_gateway.main",
            "aws_route_table.private",
            "aws_subnet.public_1",
            "aws_vpc.main"
          ]
        }
      ]
    },
    {
      "mode": "managed",
      "type": "aws_route_table",
      "name": "private",
      "provider": "provider[\"registry.terraform.io/hashicorp/aws\"]",
      "instances": [
        {
          "schema_version": 0,
          "attributes": {
            "arn": "arn:aws:ec2:eu-west-1:753350392043:route-table/rtb-0bc95c2431e89fd88",
            "id": "rtb-0bc95c2431e89fd88",
            "owner_id": "753350392043",
            "propagating_vgws": [],
            "region": "eu-west-1",
            "route": [
              {
                "carrier_gateway_id": "",
                "cidr_block": "0.0.0.0/0",
                "core_network_arn": "",
                "destination_prefix_list_id": "",
                "egress_only_gateway_id": "",
                "gateway_id": "",
                "ipv6_cidr_block": "",
                "local_gateway_id": "",
                "nat_gateway_id": "nat-01cab5335dab6675c",
                "network_interface_id": "",
                "transit_gateway_id": "",
                "vpc_endpoint_id": "",
                "vpc_peering_connection_id": ""
              }
            ],
            "tags": {
              "Name": "private-rt"
            },
            "tags_all": {
              "Name": "private-rt"
            },
            "timeouts": null,
            "vpc_id": "vpc-0010e590a02d7b079"
          },
          "sensitive_attributes": [],
          "identity_schema_version": 0,
          "private": "eyJlMmJmYjczMC1lY2FhLTExZTYtOGY4OC0zNDM2M2JjN2M0YzAiOnsiY3JlYXRlIjozMDAwMDAwMDAwMDAsImRlbGV0ZSI6MzAwMDAwMDAwMDAwLCJ1cGRhdGUiOjEyMDAwMDAwMDAwMH19",
          "dependencies": [
            "aws_vpc.main"
          ]
        }
      ]
    },
    {
      "mode": "managed",
      "type": "aws_route_table",
      "name": "public",
      "provider": "provider[\"registry.terraform.io/hashicorp/aws\"]",
      "instances": [
        {
          "schema_version": 0,
          "attributes": {
            "arn": "arn:aws:ec2:eu-west-1:753350392043:route-table/rtb-0ad9cd7d1d385e44c",
            "id": "rtb-0ad9cd7d1d385e44c",
            "owner_id": "753350392043",
            "propagating_vgws": [],
            "region": "eu-west-1",
            "route": [
              {
                "carrier_gateway_id": "",
                "cidr_block": "0.0.0.0/0",
                "core_network_arn": "",
                "destination_prefix_list_id": "",
                "egress_only_gateway_id": "",
                "gateway_id": "igw-00b67716289894fe6",
                "ipv6_cidr_block": "",
                "local_gateway_id": "",
                "nat_gateway_id": "",
                "network_interface_id": "",
                "transit_gateway_id": "",
                "vpc_endpoint_id": "",
                "vpc_peering_connection_id": ""
              }
            ],
            "tags": {
              "Name": "public-rt"
            },
            "tags_all": {
              "Name": "public-rt"
            },
            "timeouts": null,
            "vpc_id": "vpc-0010e590a02d7b079"
          },
          "sensitive_attributes": [],
          "identity_schema_version": 0,
          "private": "eyJlMmJmYjczMC1lY2FhLTExZTYtOGY4OC0zNDM2M2JjN2M0YzAiOnsiY3JlYXRlIjozMDAwMDAwMDAwMDAsImRlbGV0ZSI6MzAwMDAwMDAwMDAwLCJ1cGRhdGUiOjEyMDAwMDAwMDAwMH19",
          "dependencies": [
            "aws_internet_gateway.main",
            "aws_vpc.main"
          ]
        }
      ]
    },
    {
      "mode": "managed",
      "type": "aws_route_table_association",
      "name": "private_1",
      "provider": "provider[\"registry.terraform.io/hashicorp/aws\"]",
      "instances": [
        {
          "schema_version": 0,
          "attributes": {
            "gateway_id": "",
            "id": "rtbassoc-0669ad73e8fea27d1",
            "region": "eu-west-1",
            "route_table_id": "rtb-0bc95c2431e89fd88",
            "subnet_id": "subnet-014fdffdaf663b5a9",
            "timeouts": null
          },
          "sensitive_attributes": [],
          "identity_schema_version": 0,
          "private": "eyJlMmJmYjczMC1lY2FhLTExZTYtOGY4OC0zNDM2M2JjN2M0YzAiOnsiY3JlYXRlIjozMDAwMDAwMDAwMDAsImRlbGV0ZSI6MzAwMDAwMDAwMDAwLCJ1cGRhdGUiOjEyMDAwMDAwMDAwMH19",
          "dependencies": [
            "aws_route_table.private",
            "aws_subnet.private_1",
            "aws_vpc.main"
          ]
        }
      ]
    },
    {
      "mode": "managed",
      "type": "aws_route_table_association",
      "name": "private_2",
      "provider": "provider[\"registry.terraform.io/hashicorp/aws\"]",
      "instances": [
        {
          "schema_version": 0,
          "attributes": {
            "gateway_id": "",
            "id": "rtbassoc-0dc4d87dbfba89c22",
            "region": "eu-west-1",
            "route_table_id": "rtb-0bc95c2431e89fd88",
            "subnet_id": "subnet-0c1e15fcc82cb9177",
            "timeouts": null
          },
          "sensitive_attributes": [],
          "identity_schema_version": 0,
          "private": "eyJlMmJmYjczMC1lY2FhLTExZTYtOGY4OC0zNDM2M2JjN2M0YzAiOnsiY3JlYXRlIjozMDAwMDAwMDAwMDAsImRlbGV0ZSI6MzAwMDAwMDAwMDAwLCJ1cGRhdGUiOjEyMDAwMDAwMDAwMH19",
          "dependencies": [
            "aws_route_table.private",
            "aws_subnet.private_2",
            "aws_vpc.main"
          ]
        }
      ]
    },
    {
      "mode": "managed",
      "type": "aws_route_table_association",
      "name": "public_1",
      "provider": "provider[\"registry.terraform.io/hashicorp/aws\"]",
      "instances": [
        {
          "schema_version": 0,
          "attributes": {
            "gateway_id": "",
            "id": "rtbassoc-000d721210ff9ca37",
            "region": "eu-west-1",
            "route_table_id": "rtb-0ad9cd7d1d385e44c",
            "subnet_id": "subnet-0f348cba18fd697ab",
            "timeouts": null
          },
          "sensitive_attributes": [],
          "identity_schema_version": 0,
          "private": "eyJlMmJmYjczMC1lY2FhLTExZTYtOGY4OC0zNDM2M2JjN2M0YzAiOnsiY3JlYXRlIjozMDAwMDAwMDAwMDAsImRlbGV0ZSI6MzAwMDAwMDAwMDAwLCJ1cGRhdGUiOjEyMDAwMDAwMDAwMH19",
          "dependencies": [
            "aws_internet_gateway.main",
            "aws_route_table.public",
            "aws_subnet.public_1",
            "aws_vpc.main"
          ]
        }
      ]
    },
    {
      "mode": "managed",
      "type": "aws_route_table_association",
      "name": "public_2",
      "provider": "provider[\"registry.terraform.io/hashicorp/aws\"]",
      "instances": [
        {
          "schema_version": 0,
          "attributes": {
            "gateway_id": "",
            "id": "rtbassoc-0b9704e9b041fe9dc",
            "region": "eu-west-1",
            "route_table_id": "rtb-0ad9cd7d1d385e44c",
            "subnet_id": "subnet-001ec1b80d8911d77",
            "timeouts": null
          },
          "sensitive_attributes": [],
          "identity_schema_version": 0,
          "private": "eyJlMmJmYjczMC1lY2FhLTExZTYtOGY4OC0zNDM2M2JjN2M0YzAiOnsiY3JlYXRlIjozMDAwMDAwMDAwMDAsImRlbGV0ZSI6MzAwMDAwMDAwMDAwLCJ1cGRhdGUiOjEyMDAwMDAwMDAwMH19",
          "dependencies": [
            "aws_internet_gateway.main",
            "aws_route_table.public",
            "aws_subnet.public_2",
            "aws_vpc.main"
          ]
        }
      ]
    },
    {
      "mode": "managed",
      "type": "aws_s3_bucket",
      "name": "rs_bucket",
      "provider": "provider[\"registry.terraform.io/hashicorp/aws\"]",
      "instances": [
        {
          "schema_version": 0,
          "attributes": {
            "acceleration_status": "",
            "acl": null,
            "arn": "arn:aws:s3:::rs-terraform-c",
            "bucket": "rs-terraform-c",
            "bucket_domain_name": "rs-terraform-c.s3.amazonaws.com",
            "bucket_prefix": "",
            "bucket_region": "eu-west-1",
            "bucket_regional_domain_name": "rs-terraform-c.s3.eu-west-1.amazonaws.com",
            "cors_rule": [],
            "force_destroy": false,
            "grant": [
              {
                "id": "542f8bd4d25e6948043dd4dbdb2949185a301c57c1e468b17aa10d8873bfd573",
                "permissions": [
                  "FULL_CONTROL"
                ],
                "type": "CanonicalUser",
                "uri": ""
              }
            ],
            "hosted_zone_id": "Z1BKCTXD74EZPE",
            "id": "rs-terraform-c",
            "lifecycle_rule": [],
            "logging": [],
            "object_lock_configuration": [],
            "object_lock_enabled": false,
            "policy": "",
            "region": "eu-west-1",
            "replication_configuration": [],
            "request_payer": "BucketOwner",
            "server_side_encryption_configuration": [
              {
                "rule": [
                  {
                    "apply_server_side_encryption_by_default": [
                      {
                        "kms_master_key_id": "",
                        "sse_algorithm": "AES256"
                      }
                    ],
                    "bucket_key_enabled": false
                  }
                ]
              }
            ],
            "tags": {},
            "tags_all": {},
            "timeouts": null,
            "versioning": [
              {
                "enabled": true,
                "mfa_delete": false
              }
            ],
            "website": [],
            "website_domain": null,
            "website_endpoint": null
          },
          "sensitive_attributes": [],
          "identity_schema_version": 0,
          "identity": {
            "account_id": "753350392043",
            "bucket": "rs-terraform-c",
            "region": "eu-west-1"
          },
          "private": "eyJlMmJmYjczMC1lY2FhLTExZTYtOGY4OC0zNDM2M2JjN2M0YzAiOnsiY3JlYXRlIjoxMjAwMDAwMDAwMDAwLCJkZWxldGUiOjM2MDAwMDAwMDAwMDAsInJlYWQiOjEyMDAwMDAwMDAwMDAsInVwZGF0ZSI6MTIwMDAwMDAwMDAwMH19"
        }
      ]
    },
    {
      "mode": "managed",
      "type": "aws_s3_bucket_server_side_encryption_configuration",
      "name": "rs_bucket_encryption",
      "provider": "provider[\"registry.terraform.io/hashicorp/aws\"]",
      "instances": [
        {
          "schema_version": 0,
          "attributes": {
            "bucket": "rs-terraform-c",
            "expected_bucket_owner": "",
            "id": "rs-terraform-c",
            "region": "eu-west-1",
            "rule": [
              {
                "apply_server_side_encryption_by_default": [
                  {
                    "kms_master_key_id": "",
                    "sse_algorithm": "AES256"
                  }
                ],
                "bucket_key_enabled": false
              }
            ]
          },
          "sensitive_attributes": [],
          "identity_schema_version": 0,
          "private": "bnVsbA==",
          "dependencies": [
            "aws_s3_bucket.rs_bucket"
          ]
        }
      ]
    },
    {
      "mode": "managed",
      "type": "aws_s3_bucket_versioning",
      "name": "rs_bucket_versioning",
      "provider": "provider[\"registry.terraform.io/hashicorp/aws\"]",
      "instances": [
        {
          "schema_version": 0,
          "attributes": {
            "bucket": "rs-terraform-c",
            "expected_bucket_owner": "",
            "id": "rs-terraform-c",
            "mfa": null,
            "region": "eu-west-1",
            "versioning_configuration": [
              {
                "mfa_delete": "",
                "status": "Enabled"
              }
            ]
          },
          "sensitive_attributes": [],
          "identity_schema_version": 0,
          "private": "bnVsbA==",
          "dependencies": [
            "aws_s3_bucket.rs_bucket"
          ]
        }
      ]
    },
    {
      "mode": "managed",
      "type": "aws_security_group",
      "name": "bastion_sg",
      "provider": "provider[\"registry.terraform.io/hashicorp/aws\"]",
      "instances": [
        {
          "schema_version": 1,
          "attributes": {
            "arn": "arn:aws:ec2:eu-west-1:753350392043:security-group/sg-08be439e53f76f47d",
            "description": "Managed by Terraform",
            "egress": [
              {
                "cidr_blocks": [
                  "0.0.0.0/0"
                ],
                "description": "",
                "from_port": 0,
                "ipv6_cidr_blocks": [],
                "prefix_list_ids": [],
                "protocol": "-1",
                "security_groups": [],
                "self": false,
                "to_port": 0
              }
            ],
            "id": "sg-08be439e53f76f47d",
            "ingress": [
              {
                "cidr_blocks": [
                  "0.0.0.0/0"
                ],
                "description": "",
                "from_port": 22,
                "ipv6_cidr_blocks": [],
                "prefix_list_ids": [],
                "protocol": "tcp",
                "security_groups": [],
                "self": false,
                "to_port": 22
              }
            ],
            "name": "bastion-sg-20250628163839324500000003",
            "name_prefix": "bastion-sg-",
            "owner_id": "753350392043",
            "region": "eu-west-1",
            "revoke_rules_on_delete": false,
            "tags": {
              "Name": "bastion-security-group"
            },
            "tags_all": {
              "Name": "bastion-security-group"
            },
            "timeouts": null,
            "vpc_id": "vpc-0010e590a02d7b079"
          },
          "sensitive_attributes": [],
          "identity_schema_version": 0,
          "private": "eyJlMmJmYjczMC1lY2FhLTExZTYtOGY4OC0zNDM2M2JjN2M0YzAiOnsiY3JlYXRlIjo2MDAwMDAwMDAwMDAsImRlbGV0ZSI6OTAwMDAwMDAwMDAwfSwic2NoZW1hX3ZlcnNpb24iOiIxIn0=",
          "dependencies": [
            "aws_vpc.main"
          ]
        }
      ]
    },
    {
      "mode": "managed",
      "type": "aws_security_group",
      "name": "k3s_sg",
      "provider": "provider[\"registry.terraform.io/hashicorp/aws\"]",
      "instances": [
        {
          "schema_version": 1,
          "attributes": {
            "arn": "arn:aws:ec2:eu-west-1:753350392043:security-group/sg-00f3ba1338e626a4e",
            "description": "Managed by Terraform",
            "egress": [
              {
                "cidr_blocks": [
                  "0.0.0.0/0"
                ],
                "description": "",
                "from_port": 0,
                "ipv6_cidr_blocks": [],
                "prefix_list_ids": [],
                "protocol": "-1",
                "security_groups": [],
                "self": false,
                "to_port": 0
              }
            ],
            "id": "sg-00f3ba1338e626a4e",
            "ingress": [
              {
                "cidr_blocks": [],
                "description": "",
                "from_port": 0,
                "ipv6_cidr_blocks": [],
                "prefix_list_ids": [],
                "protocol": "tcp",
                "security_groups": [],
                "self": true,
                "to_port": 65535
              },
              {
                "cidr_blocks": [],
                "description": "",
                "from_port": 0,
                "ipv6_cidr_blocks": [],
                "prefix_list_ids": [],
                "protocol": "udp",
                "security_groups": [],
                "self": true,
                "to_port": 65535
              },
              {
                "cidr_blocks": [],
                "description": "",
                "from_port": 22,
                "ipv6_cidr_blocks": [],
                "prefix_list_ids": [],
                "protocol": "tcp",
                "security_groups": [
                  "sg-08be439e53f76f47d"
                ],
                "self": false,
                "to_port": 22
              },
              {
                "cidr_blocks": [],
                "description": "",
                "from_port": 6443,
                "ipv6_cidr_blocks": [],
                "prefix_list_ids": [],
                "protocol": "tcp",
                "security_groups": [
                  "sg-08be439e53f76f47d"
                ],
                "self": false,
                "to_port": 6443
              }
            ],
            "name": "k3s-sg-20250628163844050600000007",
            "name_prefix": "k3s-sg-",
            "owner_id": "753350392043",
            "region": "eu-west-1",
            "revoke_rules_on_delete": false,
            "tags": {
              "Name": "k3s-security-group"
            },
            "tags_all": {
              "Name": "k3s-security-group"
            },
            "timeouts": null,
            "vpc_id": "vpc-0010e590a02d7b079"
          },
          "sensitive_attributes": [],
          "identity_schema_version": 0,
          "private": "eyJlMmJmYjczMC1lY2FhLTExZTYtOGY4OC0zNDM2M2JjN2M0YzAiOnsiY3JlYXRlIjo2MDAwMDAwMDAwMDAsImRlbGV0ZSI6OTAwMDAwMDAwMDAwfSwic2NoZW1hX3ZlcnNpb24iOiIxIn0=",
          "dependencies": [
            "aws_security_group.bastion_sg",
            "aws_vpc.main"
          ]
        }
      ]
    },
    {
      "mode": "managed",
      "type": "aws_security_group",
      "name": "private_sg",
      "provider": "provider[\"registry.terraform.io/hashicorp/aws\"]",
      "instances": [
        {
          "schema_version": 1,
          "attributes": {
            "arn": "arn:aws:ec2:eu-west-1:753350392043:security-group/sg-04d60052179fd24b6",
            "description": "Managed by Terraform",
            "egress": [
              {
                "cidr_blocks": [
                  "0.0.0.0/0"
                ],
                "description": "",
                "from_port": 0,
                "ipv6_cidr_blocks": [],
                "prefix_list_ids": [],
                "protocol": "-1",
                "security_groups": [],
                "self": false,
                "to_port": 0
              }
            ],
            "id": "sg-04d60052179fd24b6",
            "ingress": [
              {
                "cidr_blocks": [],
                "description": "",
                "from_port": 22,
                "ipv6_cidr_blocks": [],
                "prefix_list_ids": [],
                "protocol": "tcp",
                "security_groups": [
                  "sg-08be439e53f76f47d"
                ],
                "self": false,
                "to_port": 22
              }
            ],
            "name": "private-sg-20250628163844042800000006",
            "name_prefix": "private-sg-",
            "owner_id": "753350392043",
            "region": "eu-west-1",
            "revoke_rules_on_delete": false,
            "tags": {
              "Name": "private-security-group"
            },
            "tags_all": {
              "Name": "private-security-group"
            },
            "timeouts": null,
            "vpc_id": "vpc-0010e590a02d7b079"
          },
          "sensitive_attributes": [],
          "identity_schema_version": 0,
          "private": "eyJlMmJmYjczMC1lY2FhLTExZTYtOGY4OC0zNDM2M2JjN2M0YzAiOnsiY3JlYXRlIjo2MDAwMDAwMDAwMDAsImRlbGV0ZSI6OTAwMDAwMDAwMDAwfSwic2NoZW1hX3ZlcnNpb24iOiIxIn0=",
          "dependencies": [
            "aws_security_group.bastion_sg",
            "aws_vpc.main"
          ]
        }
      ]
    },
    {
      "mode": "managed",
      "type": "aws_subnet",
      "name": "private_1",
      "provider": "provider[\"registry.terraform.io/hashicorp/aws\"]",
      "instances": [
        {
          "schema_version": 1,
          "attributes": {
            "arn": "arn:aws:ec2:eu-west-1:753350392043:subnet/subnet-014fdffdaf663b5a9",
            "assign_ipv6_address_on_creation": false,
            "availability_zone": "eu-west-1a",
            "availability_zone_id": "euw1-az1",
            "cidr_block": "10.0.3.0/24",
            "customer_owned_ipv4_pool": "",
            "enable_dns64": false,
            "enable_lni_at_device_index": 0,
            "enable_resource_name_dns_a_record_on_launch": false,
            "enable_resource_name_dns_aaaa_record_on_launch": false,
            "id": "subnet-014fdffdaf663b5a9",
            "ipv6_cidr_block": "",
            "ipv6_cidr_block_association_id": "",
            "ipv6_native": false,
            "map_customer_owned_ip_on_launch": false,
            "map_public_ip_on_launch": false,
            "outpost_arn": "",
            "owner_id": "753350392043",
            "private_dns_hostname_type_on_launch": "ip-name",
            "region": "eu-west-1",
            "tags": {
              "Name": "private-subnet-1"
            },
            "tags_all": {
              "Name": "private-subnet-1"
            },
            "timeouts": null,
            "vpc_id": "vpc-0010e590a02d7b079"
          },
          "sensitive_attributes": [],
          "identity_schema_version": 0,
          "private": "eyJlMmJmYjczMC1lY2FhLTExZTYtOGY4OC0zNDM2M2JjN2M0YzAiOnsiY3JlYXRlIjo2MDAwMDAwMDAwMDAsImRlbGV0ZSI6MTIwMDAwMDAwMDAwMH0sInNjaGVtYV92ZXJzaW9uIjoiMSJ9",
          "dependencies": [
            "aws_vpc.main"
          ]
        }
      ]
    },
    {
      "mode": "managed",
      "type": "aws_subnet",
      "name": "private_2",
      "provider": "provider[\"registry.terraform.io/hashicorp/aws\"]",
      "instances": [
        {
          "schema_version": 1,
          "attributes": {
            "arn": "arn:aws:ec2:eu-west-1:753350392043:subnet/subnet-0c1e15fcc82cb9177",
            "assign_ipv6_address_on_creation": false,
            "availability_zone": "eu-west-1b",
            "availability_zone_id": "euw1-az2",
            "cidr_block": "10.0.4.0/24",
            "customer_owned_ipv4_pool": "",
            "enable_dns64": false,
            "enable_lni_at_device_index": 0,
            "enable_resource_name_dns_a_record_on_launch": false,
            "enable_resource_name_dns_aaaa_record_on_launch": false,
            "id": "subnet-0c1e15fcc82cb9177",
            "ipv6_cidr_block": "",
            "ipv6_cidr_block_association_id": "",
            "ipv6_native": false,
            "map_customer_owned_ip_on_launch": false,
            "map_public_ip_on_launch": false,
            "outpost_arn": "",
            "owner_id": "753350392043",
            "private_dns_hostname_type_on_launch": "ip-name",
            "region": "eu-west-1",
            "tags": {
              "Name": "private-subnet-2"
            },
            "tags_all": {
              "Name": "private-subnet-2"
            },
            "timeouts": null,
            "vpc_id": "vpc-0010e590a02d7b079"
          },
          "sensitive_attributes": [],
          "identity_schema_version": 0,
          "private": "eyJlMmJmYjczMC1lY2FhLTExZTYtOGY4OC0zNDM2M2JjN2M0YzAiOnsiY3JlYXRlIjo2MDAwMDAwMDAwMDAsImRlbGV0ZSI6MTIwMDAwMDAwMDAwMH0sInNjaGVtYV92ZXJzaW9uIjoiMSJ9",
          "dependencies": [
            "aws_vpc.main"
          ]
        }
      ]
    },
    {
      "mode": "managed",
      "type": "aws_subnet",
      "name": "public_1",
      "provider": "provider[\"registry.terraform.io/hashicorp/aws\"]",
      "instances": [
        {
          "schema_version": 1,
          "attributes": {
            "arn": "arn:aws:ec2:eu-west-1:753350392043:subnet/subnet-0f348cba18fd697ab",
            "assign_ipv6_address_on_creation": false,
            "availability_zone": "eu-west-1a",
            "availability_zone_id": "euw1-az1",
            "cidr_block": "10.0.1.0/24",
            "customer_owned_ipv4_pool": "",
            "enable_dns64": false,
            "enable_lni_at_device_index": 0,
            "enable_resource_name_dns_a_record_on_launch": false,
            "enable_resource_name_dns_aaaa_record_on_launch": false,
            "id": "subnet-0f348cba18fd697ab",
            "ipv6_cidr_block": "",
            "ipv6_cidr_block_association_id": "",
            "ipv6_native": false,
            "map_customer_owned_ip_on_launch": false,
            "map_public_ip_on_launch": true,
            "outpost_arn": "",
            "owner_id": "753350392043",
            "private_dns_hostname_type_on_launch": "ip-name",
            "region": "eu-west-1",
            "tags": {
              "Name": "public-subnet-1"
            },
            "tags_all": {
              "Name": "public-subnet-1"
            },
            "timeouts": null,
            "vpc_id": "vpc-0010e590a02d7b079"
          },
          "sensitive_attributes": [],
          "identity_schema_version": 0,
          "private": "eyJlMmJmYjczMC1lY2FhLTExZTYtOGY4OC0zNDM2M2JjN2M0YzAiOnsiY3JlYXRlIjo2MDAwMDAwMDAwMDAsImRlbGV0ZSI6MTIwMDAwMDAwMDAwMH0sInNjaGVtYV92ZXJzaW9uIjoiMSJ9",
          "dependencies": [
            "aws_vpc.main"
          ]
        }
      ]
    },
    {
      "mode": "managed",
      "type": "aws_subnet",
      "name": "public_2",
      "provider": "provider[\"registry.terraform.io/hashicorp/aws\"]",
      "instances": [
        {
          "schema_version": 1,
          "attributes": {
            "arn": "arn:aws:ec2:eu-west-1:753350392043:subnet/subnet-001ec1b80d8911d77",
            "assign_ipv6_address_on_creation": false,
            "availability_zone": "eu-west-1b",
            "availability_zone_id": "euw1-az2",
            "cidr_block": "10.0.2.0/24",
            "customer_owned_ipv4_pool": "",
            "enable_dns64": false,
            "enable_lni_at_device_index": 0,
            "enable_resource_name_dns_a_record_on_launch": false,
            "enable_resource_name_dns_aaaa_record_on_launch": false,
            "id": "subnet-001ec1b80d8911d77",
            "ipv6_cidr_block": "",
            "ipv6_cidr_block_association_id": "",
            "ipv6_native": false,
            "map_customer_owned_ip_on_launch": false,
            "map_public_ip_on_launch": true,
            "outpost_arn": "",
            "owner_id": "753350392043",
            "private_dns_hostname_type_on_launch": "ip-name",
            "region": "eu-west-1",
            "tags": {
              "Name": "public-subnet-2"
            },
            "tags_all": {
              "Name": "public-subnet-2"
            },
            "timeouts": null,
            "vpc_id": "vpc-0010e590a02d7b079"
          },
          "sensitive_attributes": [],
          "identity_schema_version": 0,
          "private": "eyJlMmJmYjczMC1lY2FhLTExZTYtOGY4OC0zNDM2M2JjN2M0YzAiOnsiY3JlYXRlIjo2MDAwMDAwMDAwMDAsImRlbGV0ZSI6MTIwMDAwMDAwMDAwMH0sInNjaGVtYV92ZXJzaW9uIjoiMSJ9",
          "dependencies": [
            "aws_vpc.main"
          ]
        }
      ]
    },
    {
      "mode": "managed",
      "type": "aws_vpc",
      "name": "main",
      "provider": "provider[\"registry.terraform.io/hashicorp/aws\"]",
      "instances": [
        {
          "schema_version": 1,
          "attributes": {
            "arn": "arn:aws:ec2:eu-west-1:753350392043:vpc/vpc-0010e590a02d7b079",
            "assign_generated_ipv6_cidr_block": false,
            "cidr_block": "10.0.0.0/16",
            "default_network_acl_id": "acl-050e9123a63848c56",
            "default_route_table_id": "rtb-080f77c88e1503c49",
            "default_security_group_id": "sg-00ce4e122d2a8818c",
            "dhcp_options_id": "dopt-02c47e1f09f8c2941",
            "enable_dns_hostnames": true,
            "enable_dns_support": true,
            "enable_network_address_usage_metrics": false,
            "id": "vpc-0010e590a02d7b079",
            "instance_tenancy": "default",
            "ipv4_ipam_pool_id": null,
            "ipv4_netmask_length": null,
            "ipv6_association_id": "",
            "ipv6_cidr_block": "",
            "ipv6_cidr_block_network_border_group": "",
            "ipv6_ipam_pool_id": "",
            "ipv6_netmask_length": 0,
            "main_route_table_id": "rtb-080f77c88e1503c49",
            "owner_id": "753350392043",
            "region": "eu-west-1",
            "tags": {
              "Name": "main-vpc"
            },
            "tags_all": {
              "Name": "main-vpc"
            }
          },
          "sensitive_attributes": [],
          "identity_schema_version": 0,
          "private": "eyJzY2hlbWFfdmVyc2lvbiI6IjEifQ=="
        }
      ]
    },
    {
      "mode": "managed",
      "type": "tls_private_key",
      "name": "ssh_key",
      "provider": "provider[\"registry.terraform.io/hashicorp/tls\"]",
      "instances": [
        {
          "schema_version": 1,
          "attributes": {
            "algorithm": "RSA",
            "ecdsa_curve": "P224",
            "id": "ce9d9229535f64fbfe3fb62b6e22934dba44b7a8",
            "private_key_openssh": "-----BEGIN OPENSSH PRIVATE KEY-----\nb3BlbnNzaC1rZXktdjEAAAAABG5vbmUAAAAEbm9uZQAAAAAAAAABAAABFwAAAAdz\nc2gtcnNhAAAAAwEAAQAAAQEAs5XW0G/1ZBKUQNPxIoYvQIfP1K9HG0SpnedCOXX7\nNgWP4eB9wsVoZqNaRw97LQ8/pUpVyPP3n7lPfTTDXHmPhg9xOVEPqcFKElCtg5P8\n5RphUnLjRmvCzqCY+MclQzSQdtl+7p5PVAKHIjW42s5ivji5aDI59rqEWygHcNmK\nq9+sqtVKFj9KWuS/A6T7O/sqQ2AB3b8Y+n6ObJuMDbw4j6OJUbRa/HJqt3b+JlpC\nC6pr5k8oHeGNNiqcsVYhtTfDsAeqX1wN9RwdKo/T64IvyYKmizSX4AAjn7bmPUS/\n++HE8v6Yt1QLqYLus/+YXHYLepskqIsy7mQqmHTyKgwL6QAAA7hgdw6yYHcOsgAA\nAAdzc2gtcnNhAAABAQCzldbQb/VkEpRA0/Eihi9Ah8/Ur0cbRKmd50I5dfs2BY/h\n4H3CxWhmo1pHD3stDz+lSlXI8/efuU99NMNceY+GD3E5UQ+pwUoSUK2Dk/zlGmFS\ncuNGa8LOoJj4xyVDNJB22X7unk9UAociNbjazmK+OLloMjn2uoRbKAdw2Yqr36yq\n1UoWP0pa5L8DpPs7+ypDYAHdvxj6fo5sm4wNvDiPo4lRtFr8cmq3dv4mWkILqmvm\nTygd4Y02KpyxViG1N8OwB6pfXA31HB0qj9Prgi/JgqaLNJfgACOftuY9RL/74cTy\n/pi3VAupgu6z/5hcdgt6mySoizLuZCqYdPIqDAvpAAAAAwEAAQAAAQAh7przMWRd\nb0FB6onyawY8nCzB1AiMd3HRGyQhNVCtCWoBVOiOR7yNQCpLqPouLmZpNd11pdtQ\n+7OwRarwKyvaOcq7+LwL6DC1uza92NV8+HoRGRImeTAK2L9uqjo5M5JkUn4wWgtF\nJWEhLqNp/Hsd1Bv8OxlGrEFb8/lL8l7IUJ62LO9Qc+Ty0+cU/eSWurE0Lwxm1Sfh\nOPy1N6By+SI0xTS2qOJKoGHqdOWakHYkpGbfDsIysurrX/7ZpmeNil3AqSrXPKok\n3qpdPRpJ+/K3I451WixTAtF0VZQL3Rf3s02Xu++e3s/5ouDFKEpOGRnY9OV0nMxN\nuWhFeMzdUm2xAAAAgEVLl1vmvH0urceqFOof6jet4MUWMh98bibbWwe/r43wH2CZ\nRj8EqPodsvEhngrMM5rQQ6D/+agiUbM0a4scXchpds8oiBjsXE4Piqokejv3gcV2\nkEzcHoyvsIm97ullQb+ExCc5qQICI9uFFTDCgiLaI8Q8AQPwAfaXHpsthco1AAAA\ngQDECdyq/sm+gnzjhoZcb5A7G0BUM0SrovVj8AzPYbPCnDbszWxeUeeWZGrk/y8Q\nBiioLpoUZyXE8GrCWgfUPFn3xciL6lk0pIGlKOStbBCfJffB8q0IqN7ZCm5u3+YI\nzPURAhdCqTywfHcTZtZr3zIYhj7M0zs2Q41E1qe+DI+VZQAAAIEA6oOp2GP8+Fh7\nKxV73dG0Tkx7tGhvfyzjnS3OJkfRCAgmuZYheSbGsEs3Q2ZtpWXwAXW5o/wXOqck\n4TD40ED80kgq/kfe0+h0R6yBNq7ySNE5shzuJeaVR98rZDZAuMeH5JB4tHRKxjwZ\ng3AzgEAVicQ888NSPfwc6zJYviZOxjUAAAAAAQID\n-----END OPENSSH PRIVATE KEY-----\n",
            "private_key_pem": "-----BEGIN RSA PRIVATE KEY-----\nMIIEogIBAAKCAQEAs5XW0G/1ZBKUQNPxIoYvQIfP1K9HG0SpnedCOXX7NgWP4eB9\nwsVoZqNaRw97LQ8/pUpVyPP3n7lPfTTDXHmPhg9xOVEPqcFKElCtg5P85RphUnLj\nRmvCzqCY+MclQzSQdtl+7p5PVAKHIjW42s5ivji5aDI59rqEWygHcNmKq9+sqtVK\nFj9KWuS/A6T7O/sqQ2AB3b8Y+n6ObJuMDbw4j6OJUbRa/HJqt3b+JlpCC6pr5k8o\nHeGNNiqcsVYhtTfDsAeqX1wN9RwdKo/T64IvyYKmizSX4AAjn7bmPUS/++HE8v6Y\nt1QLqYLus/+YXHYLepskqIsy7mQqmHTyKgwL6QIDAQABAoIBACHumvMxZF1vQUHq\nifJrBjycLMHUCIx3cdEbJCE1UK0JagFU6I5HvI1AKkuo+i4uZmk13XWl21D7s7BF\nqvArK9o5yrv4vAvoMLW7Nr3Y1Xz4ehEZEiZ5MArYv26qOjkzkmRSfjBaC0UlYSEu\no2n8ex3UG/w7GUasQVvz+UvyXshQnrYs71Bz5PLT5xT95Ja6sTQvDGbVJ+E4/LU3\noHL5IjTFNLao4kqgYep05ZqQdiSkZt8OwjKy6utf/tmmZ42KXcCpKtc8qiTeql09\nGkn78rcjjnVaLFMC0XRVlAvdF/ezTZe7757ez/mi4MUoSk4ZGdj05XSczE25aEV4\nzN1SbbECgYEAxAncqv7JvoJ844aGXG+QOxtAVDNEq6L1Y/AMz2Gzwpw27M1sXlHn\nlmRq5P8vEAYoqC6aFGclxPBqwloH1DxZ98XIi+pZNKSBpSjkrWwQnyX3wfKtCKje\n2Qpubt/mCMz1EQIXQqk8sHx3E2bWa98yGIY+zNM7NkONRNanvgyPlWUCgYEA6oOp\n2GP8+Fh7KxV73dG0Tkx7tGhvfyzjnS3OJkfRCAgmuZYheSbGsEs3Q2ZtpWXwAXW5\no/wXOqck4TD40ED80kgq/kfe0+h0R6yBNq7ySNE5shzuJeaVR98rZDZAuMeH5JB4\ntHRKxjwZg3AzgEAVicQ888NSPfwc6zJYviZOxjUCgYBFqFdvrx8SgZ1M34UonT+7\nsOA3ywvQjRPy0d5LZiUQtp9Rn2CtVx8aMk5FVmNrpzSVJhH7w/cItoDI1GLJyDQT\ntYSgKsJN0VJ71D8FXEu/sScLFGbll9OvfWRmI0rCv8kopPyM5EO7Vk6dZ0IzjFhp\nnHH+J+R3UKOG3Vs3TZFLfQKBgAo4QqaTdOq9sGBoR0WbZegjnSB3jKRWKHUpEdrJ\nNmrLMCTWTg8hiXcVUAs3439ZuePWZYin67s6nXjS0YUB0AK58mWybBt//dFByz++\n0AAsXf9NE3PDYK4JI7LySk/DIkDrqtbyWm/ZHqODuDrWkBm4248j6+mXmwsE3qkq\nsjQhAoGARUuXW+a8fS6tx6oU6h/qN63gxRYyH3xuJttbB7+vjfAfYJlGPwSo+h2y\n8SGeCswzmtBDoP/5qCJRszRrixxdyGl2zyiIGOxcTg+KqiR6O/eBxXaQTNwejK+w\nib3u6WVBv4TEJzmpAgIj24UVMMKCItojxDwBA/AB9pcemy2FyjU=\n-----END RSA PRIVATE KEY-----\n",
            "private_key_pem_pkcs8": "-----BEGIN PRIVATE KEY-----\nMIIEvAIBADANBgkqhkiG9w0BAQEFAASCBKYwggSiAgEAAoIBAQCzldbQb/VkEpRA\n0/Eihi9Ah8/Ur0cbRKmd50I5dfs2BY/h4H3CxWhmo1pHD3stDz+lSlXI8/efuU99\nNMNceY+GD3E5UQ+pwUoSUK2Dk/zlGmFScuNGa8LOoJj4xyVDNJB22X7unk9UAoci\nNbjazmK+OLloMjn2uoRbKAdw2Yqr36yq1UoWP0pa5L8DpPs7+ypDYAHdvxj6fo5s\nm4wNvDiPo4lRtFr8cmq3dv4mWkILqmvmTygd4Y02KpyxViG1N8OwB6pfXA31HB0q\nj9Prgi/JgqaLNJfgACOftuY9RL/74cTy/pi3VAupgu6z/5hcdgt6mySoizLuZCqY\ndPIqDAvpAgMBAAECggEAIe6a8zFkXW9BQeqJ8msGPJwswdQIjHdx0RskITVQrQlq\nAVTojke8jUAqS6j6Li5maTXddaXbUPuzsEWq8Csr2jnKu/i8C+gwtbs2vdjVfPh6\nERkSJnkwCti/bqo6OTOSZFJ+MFoLRSVhIS6jafx7HdQb/DsZRqxBW/P5S/JeyFCe\ntizvUHPk8tPnFP3klrqxNC8MZtUn4Tj8tTegcvkiNMU0tqjiSqBh6nTlmpB2JKRm\n3w7CMrLq61/+2aZnjYpdwKkq1zyqJN6qXT0aSfvytyOOdVosUwLRdFWUC90X97NN\nl7vvnt7P+aLgxShKThkZ2PTldJzMTbloRXjM3VJtsQKBgQDECdyq/sm+gnzjhoZc\nb5A7G0BUM0SrovVj8AzPYbPCnDbszWxeUeeWZGrk/y8QBiioLpoUZyXE8GrCWgfU\nPFn3xciL6lk0pIGlKOStbBCfJffB8q0IqN7ZCm5u3+YIzPURAhdCqTywfHcTZtZr\n3zIYhj7M0zs2Q41E1qe+DI+VZQKBgQDqg6nYY/z4WHsrFXvd0bROTHu0aG9/LOOd\nLc4mR9EICCa5liF5JsawSzdDZm2lZfABdbmj/Bc6pyThMPjQQPzSSCr+R97T6HRH\nrIE2rvJI0TmyHO4l5pVH3ytkNkC4x4fkkHi0dErGPBmDcDOAQBWJxDzzw1I9/Bzr\nMli+Jk7GNQKBgEWoV2+vHxKBnUzfhSidP7uw4DfLC9CNE/LR3ktmJRC2n1GfYK1X\nHxoyTkVWY2unNJUmEfvD9wi2gMjUYsnINBO1hKAqwk3RUnvUPwVcS7+xJwsUZuWX\n0699ZGYjSsK/ySik/IzkQ7tWTp1nQjOMWGmccf4n5HdQo4bdWzdNkUt9AoGACjhC\nppN06r2wYGhHRZtl6COdIHeMpFYodSkR2sk2asswJNZODyGJdxVQCzfjf1m549Zl\niKfruzqdeNLRhQHQArnyZbJsG3/90UHLP77QACxd/00Tc8NgrgkjsvJKT8MiQOuq\n1vJab9keo4O4OtaQGbjbjyPr6ZebCwTeqSqyNCECgYBFS5db5rx9Lq3HqhTqH+o3\nreDFFjIffG4m21sHv6+N8B9gmUY/BKj6HbLxIZ4KzDOa0EOg//moIlGzNGuLHF3I\naXbPKIgY7FxOD4qqJHo794HFdpBM3B6Mr7CJve7pZUG/hMQnOakCAiPbhRUwwoIi\n2iPEPAED8AH2lx6bLYXKNQ==\n-----END PRIVATE KEY-----\n",
            "public_key_fingerprint_md5": "73:8f:87:5f:9c:7b:81:fd:93:1c:cb:3d:80:d2:16:1f",
            "public_key_fingerprint_sha256": "SHA256:99nMZ8HZEgRP/Wm2V3rRAu/d2QyiZJmjT6MCdR1qouQ",
            "public_key_openssh": "ssh-rsa AAAAB3NzaC1yc2EAAAADAQABAAABAQCzldbQb/VkEpRA0/Eihi9Ah8/Ur0cbRKmd50I5dfs2BY/h4H3CxWhmo1pHD3stDz+lSlXI8/efuU99NMNceY+GD3E5UQ+pwUoSUK2Dk/zlGmFScuNGa8LOoJj4xyVDNJB22X7unk9UAociNbjazmK+OLloMjn2uoRbKAdw2Yqr36yq1UoWP0pa5L8DpPs7+ypDYAHdvxj6fo5sm4wNvDiPo4lRtFr8cmq3dv4mWkILqmvmTygd4Y02KpyxViG1N8OwB6pfXA31HB0qj9Prgi/JgqaLNJfgACOftuY9RL/74cTy/pi3VAupgu6z/5hcdgt6mySoizLuZCqYdPIqDAvp\n",
            "public_key_pem": "-----BEGIN PUBLIC KEY-----\nMIIBIjANBgkqhkiG9w0BAQEFAAOCAQ8AMIIBCgKCAQEAs5XW0G/1ZBKUQNPxIoYv\nQIfP1K9HG0SpnedCOXX7NgWP4eB9wsVoZqNaRw97LQ8/pUpVyPP3n7lPfTTDXHmP\nhg9xOVEPqcFKElCtg5P85RphUnLjRmvCzqCY+MclQzSQdtl+7p5PVAKHIjW42s5i\nvji5aDI59rqEWygHcNmKq9+sqtVKFj9KWuS/A6T7O/sqQ2AB3b8Y+n6ObJuMDbw4\nj6OJUbRa/HJqt3b+JlpCC6pr5k8oHeGNNiqcsVYhtTfDsAeqX1wN9RwdKo/T64Iv\nyYKmizSX4AAjn7bmPUS/++HE8v6Yt1QLqYLus/+YXHYLepskqIsy7mQqmHTyKgwL\n6QIDAQAB\n-----END PUBLIC KEY-----\n",
            "rsa_bits": 2048
          },
          "sensitive_attributes": [
            [
              {
                "type": "get_attr",
                "value": "private_key_openssh"
              }
            ],
            [
              {
                "type": "get_attr",
                "value": "private_key_pem"
              }
            ],
            [
              {
                "type": "get_attr",
                "value": "private_key_pem_pkcs8"
              }
            ]
          ],
          "identity_schema_version": 0
        }
      ]
    }
  ],
  "check_results": null
}
